github.com/creack/goselect v0.1.2 h1:2DNy14+JPjRBgPzAd1thbQp4BSIihxcBf0IXhQXDRa0=
github.com/creack/goselect v0.1.2/go.mod h1:a/NhLweNvqIYMuxcMOuWY516Cimucms3DglDzQP3hKY=
github.com/holoplot/go-evdev v0.0.0-20230626094006-70c9462cc0f2 h1:bxudnRpvfq2PMYEYN7VGj03+MXG4EobVUmONigCx1yA=
github.com/holoplot/go-evdev v0.0.0-20230626094006-70c9462cc0f2/go.mod h1:iHAf8OIncO2gcQ8XOjS7CMJ2aPbX2Bs0wl5pZyanEqk=
go.bug.st/serial v1.6.1 h1:VSSWmUxlj1T/YlRo2J104Zv3wJFrjHIl/T3NeruWAHY=
go.bug.st/serial v1.6.1/go.mod h1:UABfsluHAiaNI+La2iESysd9Vetq7VRdpxvjx7CmmOE=
golang.org/x/sync v0.5.0 h1:60k92dhOjHxJkrqnwsfl8KuaHbn/5dl0lUPUklKo3qE=
golang.org/x/sync v0.5.0/go.mod h1:Czt+wKu1gCyEFDUtn0jG5QVvpJ6rzVqr5aXyt9drQfk=
golang.org/x/sys v0.0.0-20220829200755-d48e67d00261 h1:v6hYoSR9T5oet+pMXwUWkbiVqx/63mlHjefrHmxwfeY=
golang.org/x/sys v0.0.0-20220829200755-d48e67d00261/go.mod h1:oPkhp1MJrh7nUepCBck5+mAzfO9JrbApNNgaTdGDITg=
